github.com/lyraproj/dgo v1.0.0-a4 h1:msTHOmGJ0hqTddAE3hUnymhqSQWIIW5CO6ZK8/AIfuY=
github.com/lyraproj/dgo v1.0.0-a4/go.mod h1:a5OB9ufl1uDdwijLQ7YbDY2o1MHjxh9b5V45fYUuxto=
github.com/tada/catch v0.0.0-20200501144157-878cbcd22dd2 h1:LNmIRG60LIwaoopdX/LZWDoMX6OnZ/jZE8C79NFIQRo=
github.com/tada/catch v0.0.0-20200501144157-878cbcd22dd2/go.mod h1:mL60x4NqUvoa7GzNDLlmi6IyIX8eRqQzkgcD2cs8dWM=
gopkg.in/check.v1 v0.0.0-20161208181325-20d25e280405 h1:yhCVgyC4o1eVCa2tZl7eS0r+SDo693bJlVdllGtEeKM=
gopkg.in/check.v1 v0.0.0-20161208181325-20d25e280405/go.mod h1:Co6ibVJAznAaIkqp8huTwlJQCZ016jof/cbN4VW5Yz0=
gopkg.in/yaml.v3 v3.0.0-20200121175148-a6ecf24a6d71 h1:Xe2gvTZUJpsvOWUnvmL/tmhVBZUmHSvLbMjRj6NUUKo=
gopkg.in/yaml.v3 v3.0.0-20200121175148-a6ecf24a6d71/go.mod h1:K4uyk7z7BCEPqu6E+C64Yfv1cQ7kz7rIZviUmN+EgEM=
