github.com/lyraproj/dgo v1.0.0-a2 h1:0Xiyf0VdZubwwcxdVdOT06Ulzt49EP3PUQNOtbsTvsk=
github.com/lyraproj/dgo v1.0.0-a2/go.mod h1:a5OB9ufl1uDdwijLQ7YbDY2o1MHjxh9b5V45fYUuxto=
github.com/tada/catch v0.0.0-20200501144157-878cbcd22dd2 h1:LNmIRG60LIwaoopdX/LZWDoMX6OnZ/jZE8C79NFIQRo=
github.com/tada/catch v0.0.0-20200501144157-878cbcd22dd2/go.mod h1:mL60x4NqUvoa7GzNDLlmi6IyIX8eRqQzkgcD2cs8dWM=
gopkg.in/check.v1 v0.0.0-20161208181325-20d25e280405 h1:yhCVgyC4o1eVCa2tZl7eS0r+SDo693bJlVdllGtEeKM=
gopkg.in/check.v1 v0.0.0-20161208181325-20d25e280405/go.mod h1:Co6ibVJAznAaIkqp8huTwlJQCZ016jof/cbN4VW5Yz0=
gopkg.in/yaml.v3 v3.0.0-20200615113413-eeeca48fe776 h1:tQIYjPdBoyREyB9XMu+nnTclpTYkz2zFM+lzLJFO4gQ=
gopkg.in/yaml.v3 v3.0.0-20200615113413-eeeca48fe776/go.mod h1:K4uyk7z7BCEPqu6E+C64Yfv1cQ7kz7rIZviUmN+EgEM=
